
Microsoft Visual Studio Solution File, Format Version 12.00
# Visual Studio Version 16
VisualStudioVersion = 16.0.30413.136
MinimumVisualStudioVersion = 10.0.40219.1
Project("{888888A0-9F3D-457C-B088-3A5042F75D52}") = "MoiPcdElAl", "MoiPcdElAl.pyproj", "{7E2ED3D4-21A6-4911-A760-A83DBFFADB9C}"
EndProject
Global
	GlobalSection(SolutionConfigurationPlatforms) = preSolution
		Debug|Any CPU = Debug|Any CPU
		Release|Any CPU = Release|Any CPU
	EndGlobalSection
	GlobalSection(ProjectConfigurationPlatforms) = postSolution
		{7E2ED3D4-21A6-4911-A760-A83DBFFADB9C}.Debug|Any CPU.ActiveCfg = Debug|Any CPU
		{7E2ED3D4-21A6-4911-A760-A83DBFFADB9C}.Release|Any CPU.ActiveCfg = Release|Any CPU
	EndGlobalSection
	GlobalSection(SolutionProperties) = preSolution
		HideSolutionNode = FALSE
	EndGlobalSection
	GlobalSection(ExtensibilityGlobals) = postSolution
		SolutionGuid = {8DFCA246-B992-4FB6-8EDE-766E75F0771F}
	EndGlobalSection
EndGlobal
